
Microsoft Visual Studio Solution File, Format Version 12.00
# Visual Studio 14
VisualStudioVersion = 14.0.25420.1
MinimumVisualStudioVersion = 10.0.40219.1
Project("{FAE04EC0-301F-11D3-BF4B-00C04F79EFBC}") = "ControlApplication.Core", "ControlApplication.Core\ControlApplication.Core.csproj", "{50DEF84F-77E9-4494-A197-040E9DD3F0C3}"
EndProject
Project("{FAE04EC0-301F-11D3-BF4B-00C04F79EFBC}") = "ControlApplication.DesktopClient", "ControlApplication.DesktopClient\ControlApplication.DesktopClient.csproj", "{E31CBDA9-82AD-440C-8037-2C49B5287433}"
EndProject
Project("{2150E333-8FDC-42A3-9474-1A3956D46DE8}") = "Solution Items", "Solution Items", "{A4A3888D-D786-4313-8D8F-787144BCCCC8}"
	ProjectSection(SolutionItems) = preProject
		..\..\Server Side\Client.py = ..\..\Server Side\Client.py
		..\..\Server Side\DbHandler.py = ..\..\Server Side\DbHandler.py
		..\..\Server Side\Detection.py = ..\..\Server Side\Detection.py
		..\..\Server Side\JsonDataParser.py = ..\..\Server Side\JsonDataParser.py
		..\..\Server Side\Server.py = ..\..\Server Side\Server.py
	EndProjectSection
EndProject
Global
	GlobalSection(SolutionConfigurationPlatforms) = preSolution
		Debug|Any CPU = Debug|Any CPU
		Release|Any CPU = Release|Any CPU
	EndGlobalSection
	GlobalSection(ProjectConfigurationPlatforms) = postSolution
		{50DEF84F-77E9-4494-A197-040E9DD3F0C3}.Debug|Any CPU.ActiveCfg = Debug|Any CPU
		{50DEF84F-77E9-4494-A197-040E9DD3F0C3}.Debug|Any CPU.Build.0 = Debug|Any CPU
		{50DEF84F-77E9-4494-A197-040E9DD3F0C3}.Release|Any CPU.ActiveCfg = Release|Any CPU
		{50DEF84F-77E9-4494-A197-040E9DD3F0C3}.Release|Any CPU.Build.0 = Release|Any CPU
		{E31CBDA9-82AD-440C-8037-2C49B5287433}.Debug|Any CPU.ActiveCfg = Debug|Any CPU
		{E31CBDA9-82AD-440C-8037-2C49B5287433}.Debug|Any CPU.Build.0 = Debug|Any CPU
		{E31CBDA9-82AD-440C-8037-2C49B5287433}.Release|Any CPU.ActiveCfg = Release|Any CPU
		{E31CBDA9-82AD-440C-8037-2C49B5287433}.Release|Any CPU.Build.0 = Release|Any CPU
	EndGlobalSection
	GlobalSection(SolutionProperties) = preSolution
		HideSolutionNode = FALSE
	EndGlobalSection
EndGlobal
